
Microsoft Visual Studio Solution File, Format Version 12.00
# Visual Studio Version 17
VisualStudioVersion = 17.0.31903.59
MinimumVisualStudioVersion = 10.0.40219.1
Project("{2150E333-8FDC-42A3-9474-1A3956D46DE8}") = "src", "src", "{02EA681E-C7D8-13C7-8484-4AC65E1B71E8}"
EndProject
Project("{FAE04EC0-301F-11D3-BF4B-00C04F79EFBC}") = "WeatherAPI", "src\WeatherAPI\WeatherAPI.csproj", "{CBA90C75-8BBB-47C7-B4A8-67828894D8E7}"
EndProject
Project("{FAE04EC0-301F-11D3-BF4B-00C04F79EFBC}") = "01-SemanticKernel", "src\01-SemanticKernel\01-SemanticKernel.csproj", "{2D3DBDFA-9CD8-4DC7-BA52-4BB95DFFA4F5}"
EndProject
Project("{FAE04EC0-301F-11D3-BF4B-00C04F79EFBC}") = "01-AzureAIAgentService", "src\01-AzureAIAgentService\01-AzureAIAgentService.csproj", "{83C37C11-F015-40F2-BDBC-3A8521D4FC9D}"
EndProject
Project("{FAE04EC0-301F-11D3-BF4B-00C04F79EFBC}") = "01-AzureAIFoundry", "src\01-AzureAIFoundry\01-AzureAIFoundry.csproj", "{0FE9F32B-A671-4C85-ABB7-01716CDE0ED6}"
EndProject
Project("{FAE04EC0-301F-11D3-BF4B-00C04F79EFBC}") = "01-MCPServer", "src\01-MCPServer\01-MCPServer.csproj", "{32692D7D-D8A6-4D26-A68A-D126DB2B2590}"
EndProject
Project("{FAE04EC0-301F-11D3-BF4B-00C04F79EFBC}") = "01-Vision", "src\01-Vision\01-Vision.csproj", "{AFD96165-A812-4E95-83D2-FE45A4886027}"
EndProject
Project("{FAE04EC0-301F-11D3-BF4B-00C04F79EFBC}") = "02-SemanticKernelSearch", "src\02-SemanticKernelSearch\02-SemanticKernelSearch.csproj", "{4904DD35-5538-4773-9937-86B2CCEAA8FD}"
EndProject
Project("{FAE04EC0-301F-11D3-BF4B-00C04F79EFBC}") = "01-Evaluation", "src\01-Evaluation\01-Evaluation.csproj", "{F358E907-C614-48C5-A637-396C1EC434F8}"
EndProject
Project("{FAE04EC0-301F-11D3-BF4B-00C04F79EFBC}") = "02-EvaluationFoundry", "src\02-EvaluationFoundry\02-EvaluationFoundry.csproj", "{BBFC713A-E1A9-44F6-A0B1-3CAB18A54E23}"
EndProject
Project("{FAE04EC0-301F-11D3-BF4B-00C04F79EFBC}") = "02-SemanticKernelSearchFilter", "src\02-SemanticKernelSearchFilter\02-SemanticKernelSearchFilter.csproj", "{8D6B76D8-2FE9-41CC-83FC-A34685008BF0}"
EndProject
Project("{FAE04EC0-301F-11D3-BF4B-00C04F79EFBC}") = "02-SemanticKernelProcess", "src\02-SemanticKernelProcess\02-SemanticKernelProcess.csproj", "{303138CF-BFD7-4D1E-BE85-46EA09AFD383}"
EndProject
Global
	GlobalSection(SolutionConfigurationPlatforms) = preSolution
		Debug|Any CPU = Debug|Any CPU
		Release|Any CPU = Release|Any CPU
	EndGlobalSection
	GlobalSection(ProjectConfigurationPlatforms) = postSolution
		{CBA90C75-8BBB-47C7-B4A8-67828894D8E7}.Debug|Any CPU.ActiveCfg = Debug|Any CPU
		{CBA90C75-8BBB-47C7-B4A8-67828894D8E7}.Debug|Any CPU.Build.0 = Debug|Any CPU
		{CBA90C75-8BBB-47C7-B4A8-67828894D8E7}.Release|Any CPU.ActiveCfg = Release|Any CPU
		{CBA90C75-8BBB-47C7-B4A8-67828894D8E7}.Release|Any CPU.Build.0 = Release|Any CPU
		{2D3DBDFA-9CD8-4DC7-BA52-4BB95DFFA4F5}.Debug|Any CPU.ActiveCfg = Debug|Any CPU
		{2D3DBDFA-9CD8-4DC7-BA52-4BB95DFFA4F5}.Debug|Any CPU.Build.0 = Debug|Any CPU
		{2D3DBDFA-9CD8-4DC7-BA52-4BB95DFFA4F5}.Release|Any CPU.ActiveCfg = Release|Any CPU
		{2D3DBDFA-9CD8-4DC7-BA52-4BB95DFFA4F5}.Release|Any CPU.Build.0 = Release|Any CPU
		{83C37C11-F015-40F2-BDBC-3A8521D4FC9D}.Debug|Any CPU.ActiveCfg = Debug|Any CPU
		{83C37C11-F015-40F2-BDBC-3A8521D4FC9D}.Debug|Any CPU.Build.0 = Debug|Any CPU
		{83C37C11-F015-40F2-BDBC-3A8521D4FC9D}.Release|Any CPU.ActiveCfg = Release|Any CPU
		{83C37C11-F015-40F2-BDBC-3A8521D4FC9D}.Release|Any CPU.Build.0 = Release|Any CPU
		{0FE9F32B-A671-4C85-ABB7-01716CDE0ED6}.Debug|Any CPU.ActiveCfg = Debug|Any CPU
		{0FE9F32B-A671-4C85-ABB7-01716CDE0ED6}.Debug|Any CPU.Build.0 = Debug|Any CPU
		{0FE9F32B-A671-4C85-ABB7-01716CDE0ED6}.Release|Any CPU.ActiveCfg = Release|Any CPU
		{0FE9F32B-A671-4C85-ABB7-01716CDE0ED6}.Release|Any CPU.Build.0 = Release|Any CPU
		{32692D7D-D8A6-4D26-A68A-D126DB2B2590}.Debug|Any CPU.ActiveCfg = Debug|Any CPU
		{32692D7D-D8A6-4D26-A68A-D126DB2B2590}.Debug|Any CPU.Build.0 = Debug|Any CPU
		{32692D7D-D8A6-4D26-A68A-D126DB2B2590}.Release|Any CPU.ActiveCfg = Release|Any CPU
		{32692D7D-D8A6-4D26-A68A-D126DB2B2590}.Release|Any CPU.Build.0 = Release|Any CPU
		{AFD96165-A812-4E95-83D2-FE45A4886027}.Debug|Any CPU.ActiveCfg = Debug|Any CPU
		{AFD96165-A812-4E95-83D2-FE45A4886027}.Debug|Any CPU.Build.0 = Debug|Any CPU
		{AFD96165-A812-4E95-83D2-FE45A4886027}.Release|Any CPU.ActiveCfg = Release|Any CPU
		{AFD96165-A812-4E95-83D2-FE45A4886027}.Release|Any CPU.Build.0 = Release|Any CPU
		{4904DD35-5538-4773-9937-86B2CCEAA8FD}.Debug|Any CPU.ActiveCfg = Debug|Any CPU
		{4904DD35-5538-4773-9937-86B2CCEAA8FD}.Debug|Any CPU.Build.0 = Debug|Any CPU
		{4904DD35-5538-4773-9937-86B2CCEAA8FD}.Release|Any CPU.ActiveCfg = Release|Any CPU
		{4904DD35-5538-4773-9937-86B2CCEAA8FD}.Release|Any CPU.Build.0 = Release|Any CPU
		{F358E907-C614-48C5-A637-396C1EC434F8}.Debug|Any CPU.ActiveCfg = Debug|Any CPU
		{F358E907-C614-48C5-A637-396C1EC434F8}.Debug|Any CPU.Build.0 = Debug|Any CPU
		{F358E907-C614-48C5-A637-396C1EC434F8}.Release|Any CPU.ActiveCfg = Release|Any CPU
		{F358E907-C614-48C5-A637-396C1EC434F8}.Release|Any CPU.Build.0 = Release|Any CPU
		{BBFC713A-E1A9-44F6-A0B1-3CAB18A54E23}.Debug|Any CPU.ActiveCfg = Debug|Any CPU
		{BBFC713A-E1A9-44F6-A0B1-3CAB18A54E23}.Debug|Any CPU.Build.0 = Debug|Any CPU
		{BBFC713A-E1A9-44F6-A0B1-3CAB18A54E23}.Release|Any CPU.ActiveCfg = Release|Any CPU
		{BBFC713A-E1A9-44F6-A0B1-3CAB18A54E23}.Release|Any CPU.Build.0 = Release|Any CPU
		{8D6B76D8-2FE9-41CC-83FC-A34685008BF0}.Debug|Any CPU.ActiveCfg = Debug|Any CPU
		{8D6B76D8-2FE9-41CC-83FC-A34685008BF0}.Debug|Any CPU.Build.0 = Debug|Any CPU
		{8D6B76D8-2FE9-41CC-83FC-A34685008BF0}.Release|Any CPU.ActiveCfg = Release|Any CPU
		{8D6B76D8-2FE9-41CC-83FC-A34685008BF0}.Release|Any CPU.Build.0 = Release|Any CPU
		{303138CF-BFD7-4D1E-BE85-46EA09AFD383}.Debug|Any CPU.ActiveCfg = Debug|Any CPU
		{303138CF-BFD7-4D1E-BE85-46EA09AFD383}.Debug|Any CPU.Build.0 = Debug|Any CPU
		{303138CF-BFD7-4D1E-BE85-46EA09AFD383}.Release|Any CPU.ActiveCfg = Release|Any CPU
		{303138CF-BFD7-4D1E-BE85-46EA09AFD383}.Release|Any CPU.Build.0 = Release|Any CPU
	EndGlobalSection
	GlobalSection(SolutionProperties) = preSolution
		HideSolutionNode = FALSE
	EndGlobalSection
	GlobalSection(NestedProjects) = preSolution
		{CBA90C75-8BBB-47C7-B4A8-67828894D8E7} = {02EA681E-C7D8-13C7-8484-4AC65E1B71E8}
		{2D3DBDFA-9CD8-4DC7-BA52-4BB95DFFA4F5} = {02EA681E-C7D8-13C7-8484-4AC65E1B71E8}
		{83C37C11-F015-40F2-BDBC-3A8521D4FC9D} = {02EA681E-C7D8-13C7-8484-4AC65E1B71E8}
		{0FE9F32B-A671-4C85-ABB7-01716CDE0ED6} = {02EA681E-C7D8-13C7-8484-4AC65E1B71E8}
		{32692D7D-D8A6-4D26-A68A-D126DB2B2590} = {02EA681E-C7D8-13C7-8484-4AC65E1B71E8}
		{AFD96165-A812-4E95-83D2-FE45A4886027} = {02EA681E-C7D8-13C7-8484-4AC65E1B71E8}
		{4904DD35-5538-4773-9937-86B2CCEAA8FD} = {02EA681E-C7D8-13C7-8484-4AC65E1B71E8}
		{F358E907-C614-48C5-A637-396C1EC434F8} = {02EA681E-C7D8-13C7-8484-4AC65E1B71E8}
		{BBFC713A-E1A9-44F6-A0B1-3CAB18A54E23} = {02EA681E-C7D8-13C7-8484-4AC65E1B71E8}
		{8D6B76D8-2FE9-41CC-83FC-A34685008BF0} = {02EA681E-C7D8-13C7-8484-4AC65E1B71E8}
		{303138CF-BFD7-4D1E-BE85-46EA09AFD383} = {02EA681E-C7D8-13C7-8484-4AC65E1B71E8}
	EndGlobalSection
	GlobalSection(ExtensibilityGlobals) = postSolution
		SolutionGuid = {9838186D-E5BD-4CD6-90A6-A5A6599DA30C}
	EndGlobalSection
EndGlobal
